---
lockfileVersion: 1
lockfileVendor: redhat
arches:
- arch: aarch64
  packages:
  - url: https://cdn-ubi.redhat.com/content/public/ubi/dist/ubi8/8/aarch64/appstream/os/Packages/c/cpp-8.5.0-26.el8_10.aarch64.rpm
    repoid: ubi-8-for-x86_64-appstream-rpms
    size: 9385032
    checksum: sha256:15b0cffbb7e2b0a904c2a3d557c49d85c84420972c558b80c9d6522c4ef220ad
    name: cpp
    evr: 8.5.0-26.el8_10
    sourcerpm: gcc-8.5.0-26.el8_10.src.rpm
  - url: https://cdn-ubi.redhat.com/content/public/ubi/dist/ubi8/8/aarch64/appstream/os/Packages/g/gcc-8.5.0-26.el8_10.aarch64.rpm
    repoid: ubi-8-for-x86_64-appstream-rpms
    size: 20319008
    checksum: sha256:1d19fc9a1a2e9ff39ce5d8d32bd39a1d764154e5f8036b731bf1c96cbc7d72dc
    name: gcc
    evr: 8.5.0-26.el8_10
    sourcerpm: gcc-8.5.0-26.el8_10.src.rpm
  - url: https://cdn-ubi.redhat.com/content/public/ubi/dist/ubi8/8/aarch64/appstream/os/Packages/g/gcc-c++-8.5.0-26.el8_10.aarch64.rpm
    repoid: ubi-8-for-x86_64-appstream-rpms
    size: 11241620
    checksum: sha256:f747772060b8a040fd12aa861cc579a932c2a2167487118a08e1397b57f8b41f
    name: gcc-c++
    evr: 8.5.0-26.el8_10
    sourcerpm: gcc-8.5.0-26.el8_10.src.rpm
  - url: https://cdn-ubi.redhat.com/content/public/ubi/dist/ubi8/8/aarch64/appstream/os/Packages/i/isl-0.16.1-6.el8.aarch64.rpm
    repoid: ubi-8-for-x86_64-appstream-rpms
    size: 796384
    checksum: sha256:d6bf603ed815d6dccfb0fdd30fc95c0238464264b11d463109250f514f0b3d5a
    name: isl
    evr: 0.16.1-6.el8
    sourcerpm: isl-0.16.1-6.el8.src.rpm
  - url: https://cdn-ubi.redhat.com/content/public/ubi/dist/ubi8/8/aarch64/appstream/os/Packages/l/libmpc-1.1.0-9.1.el8.aarch64.rpm
    repoid: ubi-8-for-x86_64-appstream-rpms
    size: 61424
    checksum: sha256:ca03c188890a54d59a2c7fcc68b34f54771c9ebe16a3a63563e1e284d0c4ff3e
    name: libmpc
    evr: 1.1.0-9.1.el8
    sourcerpm: libmpc-1.1.0-9.1.el8.src.rpm
  - url: https://cdn-ubi.redhat.com/content/public/ubi/dist/ubi8/8/aarch64/appstream/os/Packages/l/libstdc++-devel-8.5.0-26.el8_10.aarch64.rpm
    repoid: ubi-8-for-x86_64-appstream-rpms
    size: 2151444
    checksum: sha256:370bbe1b7502a5eaacc5ff646dfe20d45f946d268d4cc7e883232c92358b7f6e
    name: libstdc++-devel
    evr: 8.5.0-26.el8_10
    sourcerpm: gcc-8.5.0-26.el8_10.src.rpm
  - url: https://cdn-ubi.redhat.com/content/public/ubi/dist/ubi8/8/aarch64/appstream/os/Packages/m/mpdecimal-2.5.1-3.el8.aarch64.rpm
    repoid: ubi-8-for-x86_64-appstream-rpms
    size: 95196
    checksum: sha256:02fdb7a4c616e2705ee31f6f834fbbb7aed91ca3cedf0ed3d5fd4c771ca46336
    name: mpdecimal
    evr: 2.5.1-3.el8
    sourcerpm: mpdecimal-2.5.1-3.el8.src.rpm
  - url: https://cdn-ubi.redhat.com/content/public/ubi/dist/ubi8/8/aarch64/appstream/os/Packages/p/python3.11-3.11.11-1.el8_10.aarch64.rpm
    repoid: ubi-8-for-x86_64-appstream-rpms
    size: 32312
    checksum: sha256:545a2bf320128db71c779096ab3253a61ea5f96c9bb1978d23e79ffd94789601
    name: python3.11
    evr: 3.11.11-1.el8_10
    sourcerpm: python3.11-3.11.11-1.el8_10.src.rpm
  - url: https://cdn-ubi.redhat.com/content/public/ubi/dist/ubi8/8/aarch64/appstream/os/Packages/p/python3.11-devel-3.11.11-1.el8_10.aarch64.rpm
    repoid: ubi-8-for-x86_64-appstream-rpms
    size: 255144
    checksum: sha256:734b38a9e5cbaa9a3824db75fd157cfcc16e41e1d48dc507edb404d3c68a8cbb
    name: python3.11-devel
    evr: 3.11.11-1.el8_10
    sourcerpm: python3.11-3.11.11-1.el8_10.src.rpm
  - url: https://cdn-ubi.redhat.com/content/public/ubi/dist/ubi8/8/aarch64/appstream/os/Packages/p/python3.11-libs-3.11.11-1.el8_10.aarch64.rpm
    repoid: ubi-8-for-x86_64-appstream-rpms
    size: 10732156
    checksum: sha256:1bde62bcdd2b7e43a80181156d4ee539759aa8db3cc75387802da4b846e4e0d3
    name: python3.11-libs
    evr: 3.11.11-1.el8_10
    sourcerpm: python3.11-3.11.11-1.el8_10.src.rpm
  - url: https://cdn-ubi.redhat.com/content/public/ubi/dist/ubi8/8/aarch64/appstream/os/Packages/p/python3.11-pip-22.3.1-5.el8.noarch.rpm
    repoid: ubi-8-for-x86_64-appstream-rpms
    size: 3350496
    checksum: sha256:2a9fb0c38bd2393d589dad9ca533c62ebd802df1a6f4863f914961ae2c0c6963
    name: python3.11-pip
    evr: 22.3.1-5.el8
    sourcerpm: python3.11-pip-22.3.1-5.el8.src.rpm
  - url: https://cdn-ubi.redhat.com/content/public/ubi/dist/ubi8/8/aarch64/appstream/os/Packages/p/python3.11-pip-wheel-22.3.1-5.el8.noarch.rpm
    repoid: ubi-8-for-x86_64-appstream-rpms
    size: 1502328
    checksum: sha256:32934266a59832f3b50b4fdc36b9903275d8a01b3ed09bc54ecb84da1032586b
    name: python3.11-pip-wheel
    evr: 22.3.1-5.el8
    sourcerpm: python3.11-pip-22.3.1-5.el8.src.rpm
  - url: https://cdn-ubi.redhat.com/content/public/ubi/dist/ubi8/8/aarch64/appstream/os/Packages/p/python3.11-setuptools-65.5.1-3.el8_10.noarch.rpm
    repoid: ubi-8-for-x86_64-appstream-rpms
    size: 2059880
    checksum: sha256:5b74fb1a9f11dd0fa6471178056d17024c0ef6e3a0516b0370d7819131a50a08
    name: python3.11-setuptools
    evr: 65.5.1-3.el8_10
    sourcerpm: python3.11-setuptools-65.5.1-3.el8_10.src.rpm
  - url: https://cdn-ubi.redhat.com/content/public/ubi/dist/ubi8/8/aarch64/appstream/os/Packages/p/python3.11-setuptools-wheel-65.5.1-3.el8_10.noarch.rpm
    repoid: ubi-8-for-x86_64-appstream-rpms
    size: 738900
    checksum: sha256:9874b7dc15f0bc5fb36d0a1850dbefc33589184d8c18be81dca5290b3b37ca2d
    name: python3.11-setuptools-wheel
    evr: 65.5.1-3.el8_10
    sourcerpm: python3.11-setuptools-65.5.1-3.el8_10.src.rpm
  - url: https://cdn-ubi.redhat.com/content/public/ubi/dist/ubi8/8/aarch64/baseos/os/Packages/b/binutils-2.30-125.el8_10.aarch64.rpm
    repoid: ubi-8-for-x86_64-baseos-rpms
    size: 6313884
    checksum: sha256:7cac671da21dd848d63b9865c1aaf74f346fe4af80997c70a944d367531c10f7
    name: binutils
    evr: 2.30-125.el8_10
    sourcerpm: binutils-2.30-125.el8_10.src.rpm
  - url: https://cdn-ubi.redhat.com/content/public/ubi/dist/ubi8/8/aarch64/baseos/os/Packages/e/expat-2.2.5-16.el8_10.aarch64.rpm
    repoid: ubi-8-for-x86_64-baseos-rpms
    size: 107384
    checksum: sha256:2343bb6c504b8a4ab8e2c6e720cd882e7e82e0e339da6006bf14614a396fdaee
    name: expat
    evr: 2.2.5-16.el8_10
    sourcerpm: expat-2.2.5-16.el8_10.src.rpm
  - url: https://cdn-ubi.redhat.com/content/public/ubi/dist/ubi8/8/aarch64/baseos/os/Packages/g/gdbm-libs-1.18-2.el8.aarch64.rpm
    repoid: ubi-8-for-x86_64-baseos-rpms
    size: 60492
    checksum: sha256:41527d96231a14304560ffe256e159084585e62a18996c0eb9e2aacd84f52e20
    name: gdbm-libs
    evr: 1:1.18-2.el8
    sourcerpm: gdbm-1.18-2.el8.src.rpm
  - url: https://cdn-ubi.redhat.com/content/public/ubi/dist/ubi8/8/aarch64/baseos/os/Packages/g/glibc-2.28-251.el8_10.14.aarch64.rpm
    repoid: ubi-8-for-x86_64-baseos-rpms
    size: 1883404
    checksum: sha256:e6336c8c08aa93394c9d8fb0a184bbf430689d6b8474dba31bf90e58bf221236
    name: glibc
    evr: 2.28-251.el8_10.14
    sourcerpm: glibc-2.28-251.el8_10.14.src.rpm
  - url: https://cdn-ubi.redhat.com/content/public/ubi/dist/ubi8/8/aarch64/baseos/os/Packages/g/glibc-common-2.28-251.el8_10.14.aarch64.rpm
    repoid: ubi-8-for-x86_64-baseos-rpms
    size: 1039712
    checksum: sha256:210794a4e4d5bb8c189acef9d31a95e084a5684adf5da98c37d0cb411a11043d
    name: glibc-common
    evr: 2.28-251.el8_10.14
    sourcerpm: glibc-2.28-251.el8_10.14.src.rpm
  - url: https://cdn-ubi.redhat.com/content/public/ubi/dist/ubi8/8/aarch64/baseos/os/Packages/g/glibc-devel-2.28-251.el8_10.14.aarch64.rpm
    repoid: ubi-8-for-x86_64-baseos-rpms
    size: 89264
    checksum: sha256:2b2e755ace409a55040cf3e0926e91787f86c160df4675b8c373cdc31ce188e7
    name: glibc-devel
    evr: 2.28-251.el8_10.14
    sourcerpm: glibc-2.28-251.el8_10.14.src.rpm
  - url: https://cdn-ubi.redhat.com/content/public/ubi/dist/ubi8/8/aarch64/baseos/os/Packages/g/glibc-headers-2.28-251.el8_10.14.aarch64.rpm
    repoid: ubi-8-for-x86_64-baseos-rpms
    size: 496332
    checksum: sha256:f9eec746fca7db013c06e8fa81296354377214732ddd907c066674576ead70f6
    name: glibc-headers
    evr: 2.28-251.el8_10.14
    sourcerpm: glibc-2.28-251.el8_10.14.src.rpm
  - url: https://cdn-ubi.redhat.com/content/public/ubi/dist/ubi8/8/aarch64/baseos/os/Packages/g/glibc-langpack-en-2.28-251.el8_10.14.aarch64.rpm
    repoid: ubi-8-for-x86_64-baseos-rpms
    size: 852196
    checksum: sha256:d58addc5456e1debba92a1854b9c5f6600b9307ee00bbc9e1283e120e2796519
    name: glibc-langpack-en
    evr: 2.28-251.el8_10.14
    sourcerpm: glibc-2.28-251.el8_10.14.src.rpm
  - url: https://cdn-ubi.redhat.com/content/public/ubi/dist/ubi8/8/aarch64/baseos/os/Packages/g/glibc-minimal-langpack-2.28-251.el8_10.14.aarch64.rpm
    repoid: ubi-8-for-x86_64-baseos-rpms
    size: 72428
    checksum: sha256:8eb361af92a4b9e6eb17bfc0a400d73c8b0aa0f8773c969168dbd21f26579cfe
    name: glibc-minimal-langpack
    evr: 2.28-251.el8_10.14
    sourcerpm: glibc-2.28-251.el8_10.14.src.rpm
  - url: https://cdn-ubi.redhat.com/content/public/ubi/dist/ubi8/8/aarch64/baseos/os/Packages/k/kernel-headers-4.18.0-553.47.1.el8_10.aarch64.rpm
    repoid: ubi-8-for-x86_64-baseos-rpms
    size: 12373884
    checksum: sha256:15bd7fe58026a59bbcc402d7bd337fd57f001f5978d7af6c7c3942493d78711c
    name: kernel-headers
    evr: 4.18.0-553.47.1.el8_10
    sourcerpm: kernel-4.18.0-553.47.1.el8_10.src.rpm
  - url: https://cdn-ubi.redhat.com/content/public/ubi/dist/ubi8/8/aarch64/baseos/os/Packages/l/libasan-8.5.0-26.el8_10.aarch64.rpm
    repoid: ubi-8-for-x86_64-baseos-rpms
    size: 397236
    checksum: sha256:18c5fd506a5ce262f9270325a9361669a6f4f7ffaa9b0c6d7d49b5aa019216a9
    name: libasan
    evr: 8.5.0-26.el8_10
    sourcerpm: gcc-8.5.0-26.el8_10.src.rpm
  - url: https://cdn-ubi.redhat.com/content/public/ubi/dist/ubi8/8/aarch64/baseos/os/Packages/l/libatomic-8.5.0-26.el8_10.aarch64.rpm
    repoid: ubi-8-for-x86_64-baseos-rpms
    size: 27432
    checksum: sha256:2d5162ec008557ddc0d58498fb64d49aeac01dcb7cf354e03f15413bc68e34c8
    name: libatomic
    evr: 8.5.0-26.el8_10
    sourcerpm: gcc-8.5.0-26.el8_10.src.rpm
  - url: https://cdn-ubi.redhat.com/content/public/ubi/dist/ubi8/8/aarch64/baseos/os/Packages/l/libgcc-8.5.0-26.el8_10.aarch64.rpm
    repoid: ubi-8-for-x86_64-baseos-rpms
    size: 77056
    checksum: sha256:4ef276ccf5f6cc20378cae568dd13f348c43223654a118b34acca23406a2f64e
    name: libgcc
    evr: 8.5.0-26.el8_10
    sourcerpm: gcc-8.5.0-26.el8_10.src.rpm
  - url: https://cdn-ubi.redhat.com/content/public/ubi/dist/ubi8/8/aarch64/baseos/os/Packages/l/libgomp-8.5.0-26.el8_10.aarch64.rpm
    repoid: ubi-8-for-x86_64-baseos-rpms
    size: 205708
    checksum: sha256:4f7ae8ef6f6eb9fbdac8567724c25bc8d5f2bf8e663a15a61af4796a495b04fb
    name: libgomp
    evr: 8.5.0-26.el8_10
    sourcerpm: gcc-8.5.0-26.el8_10.src.rpm
  - url: https://cdn-ubi.redhat.com/content/public/ubi/dist/ubi8/8/aarch64/baseos/os/Packages/l/libnsl2-1.2.0-2.20180605git4a062cf.el8.aarch64.rpm
    repoid: ubi-8-for-x86_64-baseos-rpms
    size: 56468
    checksum: sha256:471663fca7e3f609834368d69d8f1f469cfc0d3f3e95dc2b79381722d0368edc
    name: libnsl2
    evr: 1.2.0-2.20180605git4a062cf.el8
    sourcerpm: libnsl2-1.2.0-2.20180605git4a062cf.el8.src.rpm
  - url: https://cdn-ubi.redhat.com/content/public/ubi/dist/ubi8/8/aarch64/baseos/os/Packages/l/libpkgconf-1.4.2-1.el8.aarch64.rpm
    repoid: ubi-8-for-x86_64-baseos-rpms
    size: 34540
    checksum: sha256:a006b695c5a4c6caff337a60a2a6b89a12f0dedb4e2fe47b9f1e68d2a838508f
    name: libpkgconf
    evr: 1.4.2-1.el8
    sourcerpm: pkgconf-1.4.2-1.el8.src.rpm
  - url: https://cdn-ubi.redhat.com/content/public/ubi/dist/ubi8/8/aarch64/baseos/os/Packages/l/libstdc++-8.5.0-26.el8_10.aarch64.rpm
    repoid: ubi-8-for-x86_64-baseos-rpms
    size: 454204
    checksum: sha256:da6effb3075e0e28092edeeec1a918b037fb625619b8019ae968eb2db99b734a
    name: libstdc++
    evr: 8.5.0-26.el8_10
    sourcerpm: gcc-8.5.0-26.el8_10.src.rpm
  - url: https://cdn-ubi.redhat.com/content/public/ubi/dist/ubi8/8/aarch64/baseos/os/Packages/l/libtirpc-1.1.4-12.el8_10.aarch64.rpm
    repoid: ubi-8-for-x86_64-baseos-rpms
    size: 112772
    checksum: sha256:e085c21a24a726e983ccd9407d60b8c72d98eddb11eb39ebd2b9e48c8926cc75
    name: libtirpc
    evr: 1.1.4-12.el8_10
    sourcerpm: libtirpc-1.1.4-12.el8_10.src.rpm
  - url: https://cdn-ubi.redhat.com/content/public/ubi/dist/ubi8/8/aarch64/baseos/os/Packages/l/libubsan-8.5.0-26.el8_10.aarch64.rpm
    repoid: ubi-8-for-x86_64-baseos-rpms
    size: 149016
    checksum: sha256:20d1965b1882b733c4f74f0c822d7d2b395be53a418c58e7cf5344138cd72b7f
    name: libubsan
    evr: 8.5.0-26.el8_10
    sourcerpm: gcc-8.5.0-26.el8_10.src.rpm
  - url: https://cdn-ubi.redhat.com/content/public/ubi/dist/ubi8/8/aarch64/baseos/os/Packages/l/libxcrypt-devel-4.1.1-6.el8.aarch64.rpm
    repoid: ubi-8-for-x86_64-baseos-rpms
    size: 25816
    checksum: sha256:b10759bf7ee3cdcc8e4a485a0f56f86d104fef366d4385b361aae4e42edbf5e9
    name: libxcrypt-devel
    evr: 4.1.1-6.el8
    sourcerpm: libxcrypt-4.1.1-6.el8.src.rpm
  - url: https://cdn-ubi.redhat.com/content/public/ubi/dist/ubi8/8/aarch64/baseos/os/Packages/p/pkgconf-1.4.2-1.el8.aarch64.rpm
    repoid: ubi-8-for-x86_64-baseos-rpms
    size: 38244
    checksum: sha256:1d39ffccb1971cf4c3b6d6e6c6415c9fceb50238f312ab9fa2417bce03679785
    name: pkgconf
    evr: 1.4.2-1.el8
    sourcerpm: pkgconf-1.4.2-1.el8.src.rpm
  - url: https://cdn-ubi.redhat.com/content/public/ubi/dist/ubi8/8/aarch64/baseos/os/Packages/p/pkgconf-m4-1.4.2-1.el8.noarch.rpm
    repoid: ubi-8-for-x86_64-baseos-rpms
    size: 17484
    checksum: sha256:9a89874a5b8326c85c0b34b02c122ffc052b32a12b20354ce95859ac5296a159
    name: pkgconf-m4
    evr: 1.4.2-1.el8
    sourcerpm: pkgconf-1.4.2-1.el8.src.rpm
  - url: https://cdn-ubi.redhat.com/content/public/ubi/dist/ubi8/8/aarch64/baseos/os/Packages/p/pkgconf-pkg-config-1.4.2-1.el8.aarch64.rpm
    repoid: ubi-8-for-x86_64-baseos-rpms
    size: 15604
    checksum: sha256:421dd99d6a2654b08f01d62c1921116f80d6799eb99ff58c45ac055b3d7f731a
    name: pkgconf-pkg-config
    evr: 1.4.2-1.el8
    sourcerpm: pkgconf-1.4.2-1.el8.src.rpm
  source:
  - url: https://cdn-ubi.redhat.com/content/public/ubi/dist/ubi8/8/aarch64/appstream/source/SRPMS/Packages/i/isl-0.16.1-6.el8.src.rpm
    repoid: ubi-8-for-x86_64-appstream-source
    size: 2707870
    checksum: sha256:0b30f2b8493eed1143ef416bfe9224db269e282a5e7a43cad6a2d13cb6311beb
    name: isl
    evr: 0.16.1-6.el8
  - url: https://cdn-ubi.redhat.com/content/public/ubi/dist/ubi8/8/aarch64/appstream/source/SRPMS/Packages/l/libmpc-1.1.0-9.1.el8.src.rpm
    repoid: ubi-8-for-x86_64-appstream-source
    size: 1271618
    checksum: sha256:abc6027ff19edf00eb50dd86e37facba5bd9898da9ccd8aa9cc1f934fbe68e58
    name: libmpc
    evr: 1.1.0-9.1.el8
  - url: https://cdn-ubi.redhat.com/content/public/ubi/dist/ubi8/8/aarch64/appstream/source/SRPMS/Packages/m/mpdecimal-2.5.1-3.el8.src.rpm
    repoid: ubi-8-for-x86_64-appstream-source
    size: 3333112
    checksum: sha256:36811086e6cf10de04a5cfcbc3599228e073a44e032fac74d72857c970f06cae
    name: mpdecimal
    evr: 2.5.1-3.el8
  - url: https://cdn-ubi.redhat.com/content/public/ubi/dist/ubi8/8/aarch64/appstream/source/SRPMS/Packages/p/python3.11-3.11.11-1.el8_10.src.rpm
    repoid: ubi-8-for-x86_64-appstream-source
    size: 20159077
    checksum: sha256:2b6ed313d90fe451dd07fc560e4a76cc6fc8739e9b247bc061d28a0cd69c3058
    name: python3.11
    evr: 3.11.11-1.el8_10
  - url: https://cdn-ubi.redhat.com/content/public/ubi/dist/ubi8/8/aarch64/appstream/source/SRPMS/Packages/p/python3.11-pip-22.3.1-5.el8.src.rpm
    repoid: ubi-8-for-x86_64-appstream-source
    size: 9350582
    checksum: sha256:8dd7c4c22bc1e231ef1dfdde16f4080b24ea15c64ac09dbb4485ec1af84ceb0f
    name: python3.11-pip
    evr: 22.3.1-5.el8
  - url: https://cdn-ubi.redhat.com/content/public/ubi/dist/ubi8/8/aarch64/appstream/source/SRPMS/Packages/p/python3.11-setuptools-65.5.1-3.el8_10.src.rpm
    repoid: ubi-8-for-x86_64-appstream-source
    size: 2633000
    checksum: sha256:0388cbe3c1eed4cb8dda9b70c11ade7a4f4e57593cd789570fe4acfabd80cdda
    name: python3.11-setuptools
    evr: 65.5.1-3.el8_10
  - url: https://cdn-ubi.redhat.com/content/public/ubi/dist/ubi8/8/aarch64/baseos/source/SRPMS/Packages/b/binutils-2.30-125.el8_10.src.rpm
    repoid: ubi-8-for-x86_64-baseos-source
    size: 21080005
    checksum: sha256:3dfe179ebe80b9640e735710b9f01476905687dc10e5a3516438b24d65e66ff3
    name: binutils
    evr: 2.30-125.el8_10
  - url: https://cdn-ubi.redhat.com/content/public/ubi/dist/ubi8/8/aarch64/baseos/source/SRPMS/Packages/e/expat-2.2.5-16.el8_10.src.rpm
    repoid: ubi-8-for-x86_64-baseos-source
    size: 8333216
    checksum: sha256:25fcda16ddbe190ed8592154997d4f1314010e7c3aeca99f6cc188e531fa0ecc
    name: expat
    evr: 2.2.5-16.el8_10
  - url: https://cdn-ubi.redhat.com/content/public/ubi/dist/ubi8/8/aarch64/baseos/source/SRPMS/Packages/g/gcc-8.5.0-26.el8_10.src.rpm
    repoid: ubi-8-for-x86_64-baseos-source
    size: 65714976
    checksum: sha256:12ebb9cdefb5f8c68bbce3eb469440d26f0d64de958751f4916328ed02522ed2
    name: gcc
    evr: 8.5.0-26.el8_10
  - url: https://cdn-ubi.redhat.com/content/public/ubi/dist/ubi8/8/aarch64/baseos/source/SRPMS/Packages/g/gdbm-1.18-2.el8.src.rpm
    repoid: ubi-8-for-x86_64-baseos-source
    size: 966590
    checksum: sha256:e91abeb46538fc264936c0eed825c28eab9eef47288c9eb1d2d4d078bccad5d1
    name: gdbm
    evr: 1:1.18-2.el8
  - url: https://cdn-ubi.redhat.com/content/public/ubi/dist/ubi8/8/aarch64/baseos/source/SRPMS/Packages/g/glibc-2.28-251.el8_10.14.src.rpm
    repoid: ubi-8-for-x86_64-baseos-source
    size: 18483551
    checksum: sha256:85d36e6671365a79897431299930d2f0f8033b913daf5672e5ee8b0e19308f79
    name: glibc
    evr: 2.28-251.el8_10.14
  - url: https://cdn-ubi.redhat.com/content/public/ubi/dist/ubi8/8/aarch64/baseos/source/SRPMS/Packages/l/libnsl2-1.2.0-2.20180605git4a062cf.el8.src.rpm
    repoid: ubi-8-for-x86_64-baseos-source
    size: 147827
    checksum: sha256:db3d53543d5caab48a6c0e582a8a5b4a00ae7a6b268e2b1231ce9de80f89ddd9
    name: libnsl2
    evr: 1.2.0-2.20180605git4a062cf.el8
  - url: https://cdn-ubi.redhat.com/content/public/ubi/dist/ubi8/8/aarch64/baseos/source/SRPMS/Packages/l/libtirpc-1.1.4-12.el8_10.src.rpm
    repoid: ubi-8-for-x86_64-baseos-source
    size: 560689
    checksum: sha256:6bfcac057ab526f43b562f42b471f98c563456817bcda85cba058becccbee71b
    name: libtirpc
    evr: 1.1.4-12.el8_10
  - url: https://cdn-ubi.redhat.com/content/public/ubi/dist/ubi8/8/aarch64/baseos/source/SRPMS/Packages/l/libxcrypt-4.1.1-6.el8.src.rpm
    repoid: ubi-8-for-x86_64-baseos-source
    size: 229519
    checksum: sha256:d9803b5dd6cdbb4fd977258092cb50c48c8e28f3e3b4a0d6056c093983e17b29
    name: libxcrypt
    evr: 4.1.1-6.el8
  - url: https://cdn-ubi.redhat.com/content/public/ubi/dist/ubi8/8/aarch64/baseos/source/SRPMS/Packages/p/pkgconf-1.4.2-1.el8.src.rpm
    repoid: ubi-8-for-x86_64-baseos-source
    size: 300577
    checksum: sha256:2bbbbb503f27488cc66f935cd31a14f1eb01cd9e5fb9d52260bacdea663abb1a
    name: pkgconf
    evr: 1.4.2-1.el8
  module_metadata: []
