arches:
- arch: x86_64
  module_metadata: []
  packages:
  - checksum: sha256:150d7232faa90f84a09268f8998ee32670eef59cba98612aeb996ab75c4dfcc4
    evr: 2.3.1-4.el9
    name: acl
    repoid: ubi-9-baseos-rpms
    size: 77226
    sourcerpm: acl-2.3.1-4.el9.src.rpm
    url: https://cdn-ubi.redhat.com/content/public/ubi/dist/ubi9/9/x86_64/baseos/os/Packages/a/acl-2.3.1-4.el9.x86_64.rpm
  - checksum: sha256:58286130e67839b931412baa9cb1efcb42d02dc3d1b84caed2ba711773c47ec9
    evr: 2.35.2-54.el9
    name: binutils
    repoid: ubi-9-baseos-rpms
    size: 4816328
    sourcerpm: binutils-2.35.2-54.el9.src.rpm
    url: https://cdn-ubi.redhat.com/content/public/ubi/dist/ubi9/9/x86_64/baseos/os/Packages/b/binutils-2.35.2-54.el9.x86_64.rpm
  - checksum: sha256:44ace5e347a8aaad0ae8a449c5d87f69314def94b45bbd1a22a6bd827b549d95
    evr: 2.35.2-54.el9
    name: binutils-gold
    repoid: ubi-9-baseos-rpms
    size: 752302
    sourcerpm: binutils-2.35.2-54.el9.src.rpm
    url: https://cdn-ubi.redhat.com/content/public/ubi/dist/ubi9/9/x86_64/baseos/os/Packages/b/binutils-gold-2.35.2-54.el9.x86_64.rpm
  - checksum: sha256:b5567c690d46d4f5a2cb13be6a4f962dbe8cc7e821b9d3baa09a4f10c59014d9
    evr: 11.5.0-5.el9_5
    name: cpp
    repoid: ubi-9-appstream-rpms
    size: 11229073
    sourcerpm: gcc-11.5.0-5.el9_5.src.rpm
    url: https://cdn-ubi.redhat.com/content/public/ubi/dist/ubi9/9/x86_64/appstream/os/Packages/c/cpp-11.5.0-5.el9_5.x86_64.rpm
  - checksum: sha256:8551b711718596fbfef6622bbf32f785864959af9d06a76da2545ec9f3a126e7
    evr: 2.9.6-27.el9
    name: cracklib
    repoid: ubi-9-baseos-rpms
    size: 100903
    sourcerpm: cracklib-2.9.6-27.el9.src.rpm
    url: https://cdn-ubi.redhat.com/content/public/ubi/dist/ubi9/9/x86_64/baseos/os/Packages/c/cracklib-2.9.6-27.el9.x86_64.rpm
  - checksum: sha256:ab4356c86bdc996dc9e55703a7ae936e3e46aec6ebf6d6f008e126ff06e83df2
    evr: 2.9.6-27.el9
    name: cracklib-dicts
    repoid: ubi-9-baseos-rpms
    size: 3821230
    sourcerpm: cracklib-2.9.6-27.el9.src.rpm
    url: https://cdn-ubi.redhat.com/content/public/ubi/dist/ubi9/9/x86_64/baseos/os/Packages/c/cracklib-dicts-2.9.6-27.el9.x86_64.rpm
  - checksum: sha256:96b1daa4de0a635ab760a8431fb005022bb7cb48d2d1d3ec9a8adb1798c0e10e
    evr: 1:1.12.20-8.el9
    name: dbus
    repoid: ubi-9-baseos-rpms
    size: 8073
    sourcerpm: dbus-1.12.20-8.el9.src.rpm
    url: https://cdn-ubi.redhat.com/content/public/ubi/dist/ubi9/9/x86_64/baseos/os/Packages/d/dbus-1.12.20-8.el9.x86_64.rpm
  - checksum: sha256:de9869c08df7f6952787d0335b9bf1a09b328bea920556a59af07c8e085dd3cb
    evr: 28-7.el9
    name: dbus-broker
    repoid: ubi-9-baseos-rpms
    size: 179634
    sourcerpm: dbus-broker-28-7.el9.src.rpm
    url: https://cdn-ubi.redhat.com/content/public/ubi/dist/ubi9/9/x86_64/baseos/os/Packages/d/dbus-broker-28-7.el9.x86_64.rpm
  - checksum: sha256:298f1cada3cbcef6713098b9925694a0e30e8566f7a5bdbd72384520cf6c8360
    evr: 1:1.12.20-8.el9
    name: dbus-common
    repoid: ubi-9-baseos-rpms
    size: 18551
    sourcerpm: dbus-1.12.20-8.el9.src.rpm
    url: https://cdn-ubi.redhat.com/content/public/ubi/dist/ubi9/9/x86_64/baseos/os/Packages/d/dbus-common-1.12.20-8.el9.noarch.rpm
  - checksum: sha256:9c26ab1eea196541d9cde34a96acbf8647746ccd0447ad353dec5ec4225826a5
    evr: 0.191-4.el9
    name: elfutils-debuginfod-client
    repoid: ubi-9-baseos-rpms
    size: 39913
    sourcerpm: elfutils-0.191-4.el9.src.rpm
    url: https://cdn-ubi.redhat.com/content/public/ubi/dist/ubi9/9/x86_64/baseos/os/Packages/e/elfutils-debuginfod-client-0.191-4.el9.x86_64.rpm
  - checksum: sha256:e186f5fb020da75279f726a9a09bfefd8c60131157debd9ca0966036fd3b8d70
    evr: 0.191-4.el9
    name: elfutils-default-yama-scope
    repoid: ubi-9-baseos-rpms
    size: 12782
    sourcerpm: elfutils-0.191-4.el9.src.rpm
    url: https://cdn-ubi.redhat.com/content/public/ubi/dist/ubi9/9/x86_64/baseos/os/Packages/e/elfutils-default-yama-scope-0.191-4.el9.noarch.rpm
  - checksum: sha256:9d7a6e028b8db0041ffecb41b5a4c2a3351bc09b098d0285f418f7ee16923e63
    evr: 0.191-4.el9
    name: elfutils-libelf
    repoid: ubi-9-baseos-rpms
    size: 215143
    sourcerpm: elfutils-0.191-4.el9.src.rpm
    url: https://cdn-ubi.redhat.com/content/public/ubi/dist/ubi9/9/x86_64/baseos/os/Packages/e/elfutils-libelf-0.191-4.el9.x86_64.rpm
  - checksum: sha256:d58ed4ac90958033cb2e0f3455e7f229e03e85c86ee43636de925ab1369b50aa
    evr: 0.191-4.el9
    name: elfutils-libs
    repoid: ubi-9-baseos-rpms
    size: 268507
    sourcerpm: elfutils-0.191-4.el9.src.rpm
    url: https://cdn-ubi.redhat.com/content/public/ubi/dist/ubi9/9/x86_64/baseos/os/Packages/e/elfutils-libs-0.191-4.el9.x86_64.rpm
  - checksum: sha256:1f9ac75106263446eff27fb14e002ab228b57459b8830c58f4d1366a9987fbe5
    evr: 2.5.0-3.el9_5.3
    name: expat
    repoid: ubi-9-baseos-rpms
    size: 122357
    sourcerpm: expat-2.5.0-3.el9_5.3.src.rpm
    url: https://cdn-ubi.redhat.com/content/public/ubi/dist/ubi9/9/x86_64/baseos/os/Packages/e/expat-2.5.0-3.el9_5.3.x86_64.rpm
  - checksum: sha256:03c99bc1021dbe54dd93120ed6b5249bbb02dbd5da9e0dc5d8c4a21d674fb1fd
    evr: 11.5.0-5.el9_5
    name: gcc
    repoid: ubi-9-appstream-rpms
    size: 34006000
    sourcerpm: gcc-11.5.0-5.el9_5.src.rpm
    url: https://cdn-ubi.redhat.com/content/public/ubi/dist/ubi9/9/x86_64/appstream/os/Packages/g/gcc-11.5.0-5.el9_5.x86_64.rpm
  - checksum: sha256:b8392274e302d665bc132aee4ed023f8a777d9c446531679ede18150d7867189
    evr: 11.5.0-5.el9_5
    name: gcc-c++
    repoid: ubi-9-appstream-rpms
    size: 13479598
    sourcerpm: gcc-11.5.0-5.el9_5.src.rpm
    url: https://cdn-ubi.redhat.com/content/public/ubi/dist/ubi9/9/x86_64/appstream/os/Packages/g/gcc-c++-11.5.0-5.el9_5.x86_64.rpm
  - checksum: sha256:e11b718441a5034c7dca3f8515862c599716ea7d02254c78287c32de16f3e068
    evr: 2.34-125.el9_5.3
    name: glibc-devel
    repoid: ubi-9-appstream-rpms
    size: 32111
    sourcerpm: glibc-2.34-125.el9_5.3.src.rpm
    url: https://cdn-ubi.redhat.com/content/public/ubi/dist/ubi9/9/x86_64/appstream/os/Packages/g/glibc-devel-2.34-125.el9_5.3.x86_64.rpm
  - checksum: sha256:33d7d6af61db9697b6980d16de47fcd92acd8472c2e6500ac7863ec9feb51391
    evr: 2.34-125.el9_5.3
    name: glibc-headers
    repoid: ubi-9-appstream-rpms
    size: 549855
    sourcerpm: glibc-2.34-125.el9_5.3.src.rpm
    url: https://cdn-ubi.redhat.com/content/public/ubi/dist/ubi9/9/x86_64/appstream/os/Packages/g/glibc-headers-2.34-125.el9_5.3.x86_64.rpm
  - checksum: sha256:c8b3e0414d55b1eedb0185a564ac6cb2368bee2fd5f995447d045f6a714488ac
    evr: 1.12-1.el9
    name: gzip
    repoid: ubi-9-baseos-rpms
    size: 171206
    sourcerpm: gzip-1.12-1.el9.src.rpm
    url: https://cdn-ubi.redhat.com/content/public/ubi/dist/ubi9/9/x86_64/baseos/os/Packages/g/gzip-1.12-1.el9.x86_64.rpm
  - checksum: sha256:24dc9ef1eb84a8e8747aa74dbad7351d55ef7570e3de832255af72b0b680eca0
    evr: 5.14.0-503.38.1.el9_5
    name: kernel-headers
    repoid: ubi-9-appstream-rpms
    size: 3938453
    sourcerpm: kernel-5.14.0-503.38.1.el9_5.src.rpm
    url: https://cdn-ubi.redhat.com/content/public/ubi/dist/ubi9/9/x86_64/appstream/os/Packages/k/kernel-headers-5.14.0-503.38.1.el9_5.x86_64.rpm
  - checksum: sha256:9ae0b89812908ee50ec654ba35f74dc478057e8981afd4a5cc8d2befd987b342
    evr: 28-10.el9
    name: kmod-libs
    repoid: ubi-9-baseos-rpms
    size: 66607
    sourcerpm: kmod-28-10.el9.src.rpm
    url: https://cdn-ubi.redhat.com/content/public/ubi/dist/ubi9/9/x86_64/baseos/os/Packages/k/kmod-libs-28-10.el9.x86_64.rpm
  - checksum: sha256:599dbc91894bde538297d859cd5efd64e95b5b06ffac2c0057b32b1be6c8d9ac
    evr: 5.3.28-54.el9
    name: libdb
    repoid: ubi-9-baseos-rpms
    size: 754801
    sourcerpm: libdb-5.3.28-54.el9.src.rpm
    url: https://cdn-ubi.redhat.com/content/public/ubi/dist/ubi9/9/x86_64/baseos/os/Packages/l/libdb-5.3.28-54.el9.x86_64.rpm
  - checksum: sha256:f7998382ca1be7836f6af05d42dc03f88799abcb10aa7a761e16f74058598012
    evr: 0.4.1-4.el9
    name: libeconf
    repoid: ubi-9-baseos-rpms
    size: 30371
    sourcerpm: libeconf-0.4.1-4.el9.src.rpm
    url: https://cdn-ubi.redhat.com/content/public/ubi/dist/ubi9/9/x86_64/baseos/os/Packages/l/libeconf-0.4.1-4.el9.x86_64.rpm
  - checksum: sha256:f0c0fc67a144dffcef138044c0a563ac9cdb4fa7b00a8e7c4c77e48e9ca35487
    evr: 2.37.4-20.el9
    name: libfdisk
    repoid: ubi-9-baseos-rpms
    size: 158733
    sourcerpm: util-linux-2.37.4-20.el9.src.rpm
    url: https://cdn-ubi.redhat.com/content/public/ubi/dist/ubi9/9/x86_64/baseos/os/Packages/l/libfdisk-2.37.4-20.el9.x86_64.rpm
  - checksum: sha256:da7af36960df4b59178f4d7c42353d48c53fbe231e7e62d734a4319748f897a9
    evr: 11.5.0-5.el9_5
    name: libgomp
    repoid: ubi-9-baseos-rpms
    size: 269396
    sourcerpm: gcc-11.5.0-5.el9_5.src.rpm
    url: https://cdn-ubi.redhat.com/content/public/ubi/dist/ubi9/9/x86_64/baseos/os/Packages/l/libgomp-11.5.0-5.el9_5.x86_64.rpm
  - checksum: sha256:b97b4e98c3c6f41dcfc2ceb4ffa1aba7a338b7cfd9e6c4f63e3160dd3cc033d3
    evr: 1.2.1-4.el9
    name: libmpc
    repoid: ubi-9-appstream-rpms
    size: 66075
    sourcerpm: libmpc-1.2.1-4.el9.src.rpm
    url: https://cdn-ubi.redhat.com/content/public/ubi/dist/ubi9/9/x86_64/appstream/os/Packages/l/libmpc-1.2.1-4.el9.x86_64.rpm
  - checksum: sha256:052f7a182180528ba6e3c4378e5dcfb84640594a3e2e7bbe4f0167381e824ce0
    evr: 2.0.0-1.el9
    name: libnsl2
    repoid: ubi-9-appstream-rpms
    size: 33287
    sourcerpm: libnsl2-2.0.0-1.el9.src.rpm
    url: https://cdn-ubi.redhat.com/content/public/ubi/dist/ubi9/9/x86_64/appstream/os/Packages/l/libnsl2-2.0.0-1.el9.x86_64.rpm
  - checksum: sha256:4feae5941b73640bd86b8d506a657cac5b770043db1464fbcd207721b2159dda
    evr: 1.7.3-10.el9
    name: libpkgconf
    repoid: ubi-9-baseos-rpms
    size: 38387
    sourcerpm: pkgconf-1.7.3-10.el9.src.rpm
    url: https://cdn-ubi.redhat.com/content/public/ubi/dist/ubi9/9/x86_64/baseos/os/Packages/l/libpkgconf-1.7.3-10.el9.x86_64.rpm
  - checksum: sha256:14b7ff2f7fdaf8ebec90261f4619ea7f7c3564c4de8483666de7ed4b1f49b66f
    evr: 1.4.4-8.el9
    name: libpwquality
    repoid: ubi-9-baseos-rpms
    size: 126104
    sourcerpm: libpwquality-1.4.4-8.el9.src.rpm
    url: https://cdn-ubi.redhat.com/content/public/ubi/dist/ubi9/9/x86_64/baseos/os/Packages/l/libpwquality-1.4.4-8.el9.x86_64.rpm
  - checksum: sha256:e2015f60dbe784330d5df43f3f05c68c307694600a636a1706bf86527cc82e82
    evr: 2.5.2-2.el9
    name: libseccomp
    repoid: ubi-9-baseos-rpms
    size: 76200
    sourcerpm: libseccomp-2.5.2-2.el9.src.rpm
    url: https://cdn-ubi.redhat.com/content/public/ubi/dist/ubi9/9/x86_64/baseos/os/Packages/l/libseccomp-2.5.2-2.el9.x86_64.rpm
  - checksum: sha256:84695eeeb1daa8ff74baf7efd9fc57fb136bec7e8a2ca56c105be6d83ec22d07
    evr: 11.5.0-5.el9_5
    name: libstdc++-devel
    repoid: ubi-9-appstream-rpms
    size: 2531717
    sourcerpm: gcc-11.5.0-5.el9_5.src.rpm
    url: https://cdn-ubi.redhat.com/content/public/ubi/dist/ubi9/9/x86_64/appstream/os/Packages/l/libstdc++-devel-11.5.0-5.el9_5.x86_64.rpm
  - checksum: sha256:f82cd69dc3aac881d5b574930c7d274687054cb5b03d3a8e3affa7bbcd5950b1
    evr: 1.3.3-9.el9
    name: libtirpc
    repoid: ubi-9-baseos-rpms
    size: 98934
    sourcerpm: libtirpc-1.3.3-9.el9.src.rpm
    url: https://cdn-ubi.redhat.com/content/public/ubi/dist/ubi9/9/x86_64/baseos/os/Packages/l/libtirpc-1.3.3-9.el9.x86_64.rpm
  - checksum: sha256:0f1df5e0d48c2ac9914bfffa7ed569cd58e42b17ba96bb3f7cf74d1e80de2597
    evr: 1.2.1-6.el9
    name: libutempter
    repoid: ubi-9-baseos-rpms
    size: 30354
    sourcerpm: libutempter-1.2.1-6.el9.src.rpm
    url: https://cdn-ubi.redhat.com/content/public/ubi/dist/ubi9/9/x86_64/baseos/os/Packages/l/libutempter-1.2.1-6.el9.x86_64.rpm
  - checksum: sha256:2bd6c288e1970a001d3a1ae69166c0d926d9c87ce892edcb2110f4e142c12a7a
    evr: 4.4.18-3.el9
    name: libxcrypt-compat
    repoid: ubi-9-appstream-rpms
    size: 93189
    sourcerpm: libxcrypt-4.4.18-3.el9.src.rpm
    url: https://cdn-ubi.redhat.com/content/public/ubi/dist/ubi9/9/x86_64/appstream/os/Packages/l/libxcrypt-compat-4.4.18-3.el9.x86_64.rpm
  - checksum: sha256:c1d171391a7d2e043a6953efd3df3e01edc9b4c6cdb54517e1608d204a5fce18
    evr: 4.4.18-3.el9
    name: libxcrypt-devel
    repoid: ubi-9-appstream-rpms
    size: 33101
    sourcerpm: libxcrypt-4.4.18-3.el9.src.rpm
    url: https://cdn-ubi.redhat.com/content/public/ubi/dist/ubi9/9/x86_64/appstream/os/Packages/l/libxcrypt-devel-4.4.18-3.el9.x86_64.rpm
  - checksum: sha256:561f0c2251e9217c81a6c88de4d2d9231a039aaab37e8a0d2559d36ce9fa85fd
    evr: 1:4.3-8.el9
    name: make
    repoid: ubi-9-baseos-rpms
    size: 553896
    sourcerpm: make-4.3-8.el9.src.rpm
    url: https://cdn-ubi.redhat.com/content/public/ubi/dist/ubi9/9/x86_64/baseos/os/Packages/m/make-4.3-8.el9.x86_64.rpm
  - checksum: sha256:89a8c9951ac56bed2caa1adbcba349c021af1134b6e2df3fc0a8a60577a4f54d
    evr: 2.5.1-3.el9
    name: mpdecimal
    repoid: ubi-9-appstream-rpms
    size: 89670
    sourcerpm: mpdecimal-2.5.1-3.el9.src.rpm
    url: https://cdn-ubi.redhat.com/content/public/ubi/dist/ubi9/9/x86_64/appstream/os/Packages/m/mpdecimal-2.5.1-3.el9.x86_64.rpm
  - checksum: sha256:f379686df99db814e30568a896b417278775fc96864ac6d2660bf48ef94309e3
    evr: 1:3.2.2-6.el9_5.1
    name: openssl
    repoid: ubi-9-baseos-rpms
    size: 1420999
    sourcerpm: openssl-3.2.2-6.el9_5.1.src.rpm
    url: https://cdn-ubi.redhat.com/content/public/ubi/dist/ubi9/9/x86_64/baseos/os/Packages/o/openssl-3.2.2-6.el9_5.1.x86_64.rpm
  - checksum: sha256:d0c495a13f0c6d0fdefc309086a81e64eb852255ce64a45b766187bd09de41d0
    evr: 1.5.1-22.el9_5
    name: pam
    repoid: ubi-9-baseos-rpms
    size: 647471
    sourcerpm: pam-1.5.1-22.el9_5.src.rpm
    url: https://cdn-ubi.redhat.com/content/public/ubi/dist/ubi9/9/x86_64/baseos/os/Packages/p/pam-1.5.1-22.el9_5.x86_64.rpm
  - checksum: sha256:bb47b4ecc499c308f41031a99e723827d152d5d750f59849d0c265d820944a26
    evr: 1.7.3-10.el9
    name: pkgconf
    repoid: ubi-9-baseos-rpms
    size: 45675
    sourcerpm: pkgconf-1.7.3-10.el9.src.rpm
    url: https://cdn-ubi.redhat.com/content/public/ubi/dist/ubi9/9/x86_64/baseos/os/Packages/p/pkgconf-1.7.3-10.el9.x86_64.rpm
  - checksum: sha256:91bafd6e06099451f60288327b275cfcc651822f6145176a157c6b0fa5131e02
    evr: 1.7.3-10.el9
    name: pkgconf-m4
    repoid: ubi-9-baseos-rpms
    size: 16054
    sourcerpm: pkgconf-1.7.3-10.el9.src.rpm
    url: https://cdn-ubi.redhat.com/content/public/ubi/dist/ubi9/9/x86_64/baseos/os/Packages/p/pkgconf-m4-1.7.3-10.el9.noarch.rpm
  - checksum: sha256:9a502d81d73d3303ceb53a06ad7ce525c97117ea64352174a33708bf3429283d
    evr: 1.7.3-10.el9
    name: pkgconf-pkg-config
    repoid: ubi-9-baseos-rpms
    size: 12438
    sourcerpm: pkgconf-1.7.3-10.el9.src.rpm
    url: https://cdn-ubi.redhat.com/content/public/ubi/dist/ubi9/9/x86_64/baseos/os/Packages/p/pkgconf-pkg-config-1.7.3-10.el9.x86_64.rpm
  - checksum: sha256:c8be086341ca561871a4c96a0bcd2f20b6797ccb59d7f0994d5e056efe1e35c0
    evr: 3.11.9-7.el9_5.3
    name: python3.11
    repoid: ubi-9-appstream-rpms
    size: 28320
    sourcerpm: python3.11-3.11.9-7.el9_5.3.src.rpm
    url: https://cdn-ubi.redhat.com/content/public/ubi/dist/ubi9/9/x86_64/appstream/os/Packages/p/python3.11-3.11.9-7.el9_5.3.x86_64.rpm
  - checksum: sha256:1c24cf4e0bbb58f70a6beb0b01935c81ca607f6768f71d667e860aadfeba8658
    evr: 3.11.9-7.el9_5.3
    name: python3.11-devel
    repoid: ubi-9-appstream-rpms
    size: 287250
    sourcerpm: python3.11-3.11.9-7.el9_5.3.src.rpm
    url: https://cdn-ubi.redhat.com/content/public/ubi/dist/ubi9/9/x86_64/appstream/os/Packages/p/python3.11-devel-3.11.9-7.el9_5.3.x86_64.rpm
  - checksum: sha256:4d144e01b7c09954fcba601885c9184ef666e794a6141204ffe5cf8d066905d7
    evr: 3.11.9-7.el9_5.3
    name: python3.11-libs
    repoid: ubi-9-appstream-rpms
    size: 10714150
    sourcerpm: python3.11-3.11.9-7.el9_5.3.src.rpm
    url: https://cdn-ubi.redhat.com/content/public/ubi/dist/ubi9/9/x86_64/appstream/os/Packages/p/python3.11-libs-3.11.9-7.el9_5.3.x86_64.rpm
  - checksum: sha256:c5c12f2941e65ea36b645ea215a62883fcfafc45931f0370153fecf752bde885
    evr: 22.3.1-5.el9
    name: python3.11-pip
    repoid: ubi-9-appstream-rpms
    size: 3358530
    sourcerpm: python3.11-pip-22.3.1-5.el9.src.rpm
    url: https://cdn-ubi.redhat.com/content/public/ubi/dist/ubi9/9/x86_64/appstream/os/Packages/p/python3.11-pip-22.3.1-5.el9.noarch.rpm
  - checksum: sha256:c7c531cbc553b7cbec0a3a61ed396aede78ec663ff77a118a60829b9505383ab
    evr: 22.3.1-5.el9
    name: python3.11-pip-wheel
    repoid: ubi-9-appstream-rpms
    size: 1490893
    sourcerpm: python3.11-pip-22.3.1-5.el9.src.rpm
    url: https://cdn-ubi.redhat.com/content/public/ubi/dist/ubi9/9/x86_64/appstream/os/Packages/p/python3.11-pip-wheel-22.3.1-5.el9.noarch.rpm
  - checksum: sha256:beae6c2ed08b28236462f282ad5a6b79bb320bc30be551621beb81df5ed10a08
    evr: 65.5.1-3.el9
    name: python3.11-setuptools
    repoid: ubi-9-appstream-rpms
    size: 1800394
    sourcerpm: python3.11-setuptools-65.5.1-3.el9.src.rpm
    url: https://cdn-ubi.redhat.com/content/public/ubi/dist/ubi9/9/x86_64/appstream/os/Packages/p/python3.11-setuptools-65.5.1-3.el9.noarch.rpm
  - checksum: sha256:1c62d47b95503b00ba45db358d2611d94575a579e47fcaa0ce134ae21b4509de
    evr: 65.5.1-3.el9
    name: python3.11-setuptools-wheel
    repoid: ubi-9-appstream-rpms
    size: 732455
    sourcerpm: python3.11-setuptools-65.5.1-3.el9.src.rpm
    url: https://cdn-ubi.redhat.com/content/public/ubi/dist/ubi9/9/x86_64/appstream/os/Packages/p/python3.11-setuptools-wheel-65.5.1-3.el9.noarch.rpm
  - checksum: sha256:a1919c072e40b6df914adf4a675553d15ba435caef1795ee0d32e859e1a98d4e
    evr: 252-46.el9_5.3
    name: systemd
    repoid: ubi-9-baseos-rpms
    size: 4418541
    sourcerpm: systemd-252-46.el9_5.3.src.rpm
    url: https://cdn-ubi.redhat.com/content/public/ubi/dist/ubi9/9/x86_64/baseos/os/Packages/s/systemd-252-46.el9_5.3.x86_64.rpm
  - checksum: sha256:a81d0de9d26cb7624b996008222bbf320c8ba1e622d99912d511acad3c24806c
    evr: 252-46.el9_5.3
    name: systemd-pam
    repoid: ubi-9-baseos-rpms
    size: 289540
    sourcerpm: systemd-252-46.el9_5.3.src.rpm
    url: https://cdn-ubi.redhat.com/content/public/ubi/dist/ubi9/9/x86_64/baseos/os/Packages/s/systemd-pam-252-46.el9_5.3.x86_64.rpm
  - checksum: sha256:27986549f3989379fa0f88ce42666a331c7448a2e1035da8c8680f9e5165dc92
    evr: 252-46.el9_5.3
    name: systemd-rpm-macros
    repoid: ubi-9-baseos-rpms
    size: 73178
    sourcerpm: systemd-252-46.el9_5.3.src.rpm
    url: https://cdn-ubi.redhat.com/content/public/ubi/dist/ubi9/9/x86_64/baseos/os/Packages/s/systemd-rpm-macros-252-46.el9_5.3.noarch.rpm
  - checksum: sha256:812b87a70ec6f88e493f15b66453112bc67f11576d4d7fa70ad85e914ead366a
    evr: 2.37.4-20.el9
    name: util-linux
    repoid: ubi-9-baseos-rpms
    size: 2396057
    sourcerpm: util-linux-2.37.4-20.el9.src.rpm
    url: https://cdn-ubi.redhat.com/content/public/ubi/dist/ubi9/9/x86_64/baseos/os/Packages/u/util-linux-2.37.4-20.el9.x86_64.rpm
  - checksum: sha256:28cef63cbaf5dedcb87404321027634bd4abcf0ee195879882240942260f60a6
    evr: 2.37.4-20.el9
    name: util-linux-core
    repoid: ubi-9-baseos-rpms
    size: 479544
    sourcerpm: util-linux-2.37.4-20.el9.src.rpm
    url: https://cdn-ubi.redhat.com/content/public/ubi/dist/ubi9/9/x86_64/baseos/os/Packages/u/util-linux-core-2.37.4-20.el9.x86_64.rpm
  source: []
lockfileVendor: redhat
lockfileVersion: 1
